
Microsoft Visual Studio Solution File, Format Version 12.00
# Visual Studio 15
VisualStudioVersion = 15.0.26730.3
MinimumVisualStudioVersion = 10.0.40219.1
Project("{FAE04EC0-301F-11D3-BF4B-00C04F79EFBC}") = "Morphing", "Morphing\Morphing.csproj", "{B36DA7AC-7881-47D5-9A8D-1E0FCBC29711}"
EndProject
Global
	GlobalSection(SolutionConfigurationPlatforms) = preSolution
		Debug|Any CPU = Debug|Any CPU
		Release|Any CPU = Release|Any CPU
	EndGlobalSection
	GlobalSection(ProjectConfigurationPlatforms) = postSolution
		{B36DA7AC-7881-47D5-9A8D-1E0FCBC29711}.Debug|Any CPU.ActiveCfg = Debug|Any CPU
		{B36DA7AC-7881-47D5-9A8D-1E0FCBC29711}.Debug|Any CPU.Build.0 = Debug|Any CPU
		{B36DA7AC-7881-47D5-9A8D-1E0FCBC29711}.Release|Any CPU.ActiveCfg = Release|Any CPU
		{B36DA7AC-7881-47D5-9A8D-1E0FCBC29711}.Release|Any CPU.Build.0 = Release|Any CPU
	EndGlobalSection
	GlobalSection(SolutionProperties) = preSolution
		HideSolutionNode = FALSE
	EndGlobalSection
	GlobalSection(ExtensibilityGlobals) = postSolution
		SolutionGuid = {9A13F9F0-D478-4CDC-9CA3-B2493D72A870}
	EndGlobalSection
EndGlobal
